// !$*UTF8*$!
{
	archiveVersion = 1;
	classes = {
	};
	objectVersion = 48;
	objects = {

/* Begin PBXBuildFile section */
		39223BF4A48D6E3E11910455 /* Pods_workday_solution.framework in Frameworks */ = {isa = PBXBuildFile; fileRef = F9BB3A32362EAEB0394CE43A /* Pods_workday_solution.framework */; };
		71795C40D7394F0F62C1BD4F /* Pods_workday_solutionUITests.framework in Frameworks */ = {isa = PBXBuildFile; fileRef = C73E0CE06BB89C22EAD6E9D6 /* Pods_workday_solutionUITests.framework */; };
		A626AF7D2078706C007F531B /* Alamofire+Extensions.swift in Sources */ = {isa = PBXBuildFile; fileRef = A626AF7C2078706C007F531B /* Alamofire+Extensions.swift */; };
		A626AF7E2078706C007F531B /* Alamofire+Extensions.swift in Sources */ = {isa = PBXBuildFile; fileRef = A626AF7C2078706C007F531B /* Alamofire+Extensions.swift */; };
		A626AF7F2078706C007F531B /* Alamofire+Extensions.swift in Sources */ = {isa = PBXBuildFile; fileRef = A626AF7C2078706C007F531B /* Alamofire+Extensions.swift */; };
		A626AF8120787369007F531B /* MediaItemArray.swift in Sources */ = {isa = PBXBuildFile; fileRef = A626AF8020787369007F531B /* MediaItemArray.swift */; };
		A626AF8220787369007F531B /* MediaItemArray.swift in Sources */ = {isa = PBXBuildFile; fileRef = A626AF8020787369007F531B /* MediaItemArray.swift */; };
		A626AF8320787369007F531B /* MediaItemArray.swift in Sources */ = {isa = PBXBuildFile; fileRef = A626AF8020787369007F531B /* MediaItemArray.swift */; };
		A64B9D1B2078870F0031B47F /* MediaItemVM.swift in Sources */ = {isa = PBXBuildFile; fileRef = A64B9D1A2078870F0031B47F /* MediaItemVM.swift */; };
		A64B9D1C2078870F0031B47F /* MediaItemVM.swift in Sources */ = {isa = PBXBuildFile; fileRef = A64B9D1A2078870F0031B47F /* MediaItemVM.swift */; };
		A64B9D1D2078870F0031B47F /* MediaItemVM.swift in Sources */ = {isa = PBXBuildFile; fileRef = A64B9D1A2078870F0031B47F /* MediaItemVM.swift */; };
		A64B9D1E207929BC0031B47F /* APIService.swift in Sources */ = {isa = PBXBuildFile; fileRef = A6FB55012077C6B700195029 /* APIService.swift */; };
		A64B9D1F207929BD0031B47F /* APIService.swift in Sources */ = {isa = PBXBuildFile; fileRef = A6FB55012077C6B700195029 /* APIService.swift */; };
		A6BBA60B2077DC9F001AEE47 /* Strings.swift in Sources */ = {isa = PBXBuildFile; fileRef = A6BBA60A2077DC9F001AEE47 /* Strings.swift */; };
		A6BBA60C2077DC9F001AEE47 /* Strings.swift in Sources */ = {isa = PBXBuildFile; fileRef = A6BBA60A2077DC9F001AEE47 /* Strings.swift */; };
		A6BBA60D2077DC9F001AEE47 /* Strings.swift in Sources */ = {isa = PBXBuildFile; fileRef = A6BBA60A2077DC9F001AEE47 /* Strings.swift */; };
		A6FB54D42077C03500195029 /* AppDelegate.swift in Sources */ = {isa = PBXBuildFile; fileRef = A6FB54D32077C03500195029 /* AppDelegate.swift */; };
		A6FB54D62077C03500195029 /* LaunchViewController.swift in Sources */ = {isa = PBXBuildFile; fileRef = A6FB54D52077C03500195029 /* LaunchViewController.swift */; };
		A6FB54D92077C03500195029 /* Main.storyboard in Resources */ = {isa = PBXBuildFile; fileRef = A6FB54D72077C03500195029 /* Main.storyboard */; };
		A6FB54DB2077C03500195029 /* Assets.xcassets in Resources */ = {isa = PBXBuildFile; fileRef = A6FB54DA2077C03500195029 /* Assets.xcassets */; };
		A6FB54DE2077C03500195029 /* LaunchScreen.storyboard in Resources */ = {isa = PBXBuildFile; fileRef = A6FB54DC2077C03500195029 /* LaunchScreen.storyboard */; };
		A6FB54E92077C03500195029 /* workday_solutionTests.swift in Sources */ = {isa = PBXBuildFile; fileRef = A6FB54E82077C03500195029 /* workday_solutionTests.swift */; };
		A6FB54F42077C03500195029 /* workday_solutionUITests.swift in Sources */ = {isa = PBXBuildFile; fileRef = A6FB54F32077C03500195029 /* workday_solutionUITests.swift */; };
		A6FB55022077C6B700195029 /* APIService.swift in Sources */ = {isa = PBXBuildFile; fileRef = A6FB55012077C6B700195029 /* APIService.swift */; };
		A6FB55062077C6E100195029 /* MediaCollectionViewController.swift in Sources */ = {isa = PBXBuildFile; fileRef = A6FB55052077C6E100195029 /* MediaCollectionViewController.swift */; };
		A6FB550B2077C6F900195029 /* MediaCollectionViewCell.swift in Sources */ = {isa = PBXBuildFile; fileRef = A6FB55092077C6F900195029 /* MediaCollectionViewCell.swift */; };
		A6FB550C2077C6F900195029 /* MediaCollectionViewCell.swift in Sources */ = {isa = PBXBuildFile; fileRef = A6FB55092077C6F900195029 /* MediaCollectionViewCell.swift */; };
		A6FB550D2077C6F900195029 /* MediaCollectionViewCell.swift in Sources */ = {isa = PBXBuildFile; fileRef = A6FB55092077C6F900195029 /* MediaCollectionViewCell.swift */; };
		A6FB550E2077C6F900195029 /* MediaCollectionViewCell.xib in Resources */ = {isa = PBXBuildFile; fileRef = A6FB550A2077C6F900195029 /* MediaCollectionViewCell.xib */; };
		A6FB550F2077C6F900195029 /* MediaCollectionViewCell.xib in Resources */ = {isa = PBXBuildFile; fileRef = A6FB550A2077C6F900195029 /* MediaCollectionViewCell.xib */; };
		A6FB55102077C6F900195029 /* MediaCollectionViewCell.xib in Resources */ = {isa = PBXBuildFile; fileRef = A6FB550A2077C6F900195029 /* MediaCollectionViewCell.xib */; };
		A6FB55122077C72700195029 /* MediaPlayerViewController.swift in Sources */ = {isa = PBXBuildFile; fileRef = A6FB55112077C72700195029 /* MediaPlayerViewController.swift */; };
		A6FB55162077C73A00195029 /* UIStoryboard+Extensions.swift in Sources */ = {isa = PBXBuildFile; fileRef = A6FB55152077C73A00195029 /* UIStoryboard+Extensions.swift */; };
		A6FB55172077C73A00195029 /* UIStoryboard+Extensions.swift in Sources */ = {isa = PBXBuildFile; fileRef = A6FB55152077C73A00195029 /* UIStoryboard+Extensions.swift */; };
		A6FB55182077C73A00195029 /* UIStoryboard+Extensions.swift in Sources */ = {isa = PBXBuildFile; fileRef = A6FB55152077C73A00195029 /* UIStoryboard+Extensions.swift */; };
		A6FB551F2077CE7C00195029 /* MediaCollectionViewController.swift in Sources */ = {isa = PBXBuildFile; fileRef = A6FB55052077C6E100195029 /* MediaCollectionViewController.swift */; };
		A6FB55202077CE8300195029 /* MediaCollectionViewController.swift in Sources */ = {isa = PBXBuildFile; fileRef = A6FB55052077C6E100195029 /* MediaCollectionViewController.swift */; };
		A6FB55232077D6C400195029 /* MediaItem.swift in Sources */ = {isa = PBXBuildFile; fileRef = A6FB55222077D6C400195029 /* MediaItem.swift */; };
		A6FB55242077D6C400195029 /* MediaItem.swift in Sources */ = {isa = PBXBuildFile; fileRef = A6FB55222077D6C400195029 /* MediaItem.swift */; };
		A6FB55252077D6C400195029 /* MediaItem.swift in Sources */ = {isa = PBXBuildFile; fileRef = A6FB55222077D6C400195029 /* MediaItem.swift */; };
		B4BCD5F03A5A6C670E617790 /* Pods_workday_solutionTests.framework in Frameworks */ = {isa = PBXBuildFile; fileRef = A5FDE6D50A88B82A077B3D81 /* Pods_workday_solutionTests.framework */; };
/* End PBXBuildFile section */

/* Begin PBXContainerItemProxy section */
		A6FB54E52077C03500195029 /* PBXContainerItemProxy */ = {
			isa = PBXContainerItemProxy;
			containerPortal = A6FB54C82077C03500195029 /* Project object */;
			proxyType = 1;
			remoteGlobalIDString = A6FB54CF2077C03500195029;
			remoteInfo = "workday-solution";
		};
		A6FB54F02077C03500195029 /* PBXContainerItemProxy */ = {
			isa = PBXContainerItemProxy;
			containerPortal = A6FB54C82077C03500195029 /* Project object */;
			proxyType = 1;
			remoteGlobalIDString = A6FB54CF2077C03500195029;
			remoteInfo = "workday-solution";
		};
/* End PBXContainerItemProxy section */

/* Begin PBXFileReference section */
		423A5340314B5C5DE4985249 /* Pods-workday-solutionTests.debug.xcconfig */ = {isa = PBXFileReference; includeInIndex = 1; lastKnownFileType = text.xcconfig; name = "Pods-workday-solutionTests.debug.xcconfig"; path = "Pods/Target Support Files/Pods-workday-solutionTests/Pods-workday-solutionTests.debug.xcconfig"; sourceTree = "<group>"; };
		431E545A1D4E5278E36D7B4A /* Pods-workday-solutionUITests.release.xcconfig */ = {isa = PBXFileReference; includeInIndex = 1; lastKnownFileType = text.xcconfig; name = "Pods-workday-solutionUITests.release.xcconfig"; path = "Pods/Target Support Files/Pods-workday-solutionUITests/Pods-workday-solutionUITests.release.xcconfig"; sourceTree = "<group>"; };
		77360D6FE8F1044E1E9814BF /* Pods-workday-solution.debug.xcconfig */ = {isa = PBXFileReference; includeInIndex = 1; lastKnownFileType = text.xcconfig; name = "Pods-workday-solution.debug.xcconfig"; path = "Pods/Target Support Files/Pods-workday-solution/Pods-workday-solution.debug.xcconfig"; sourceTree = "<group>"; };
		915E2837726246D08099AB85 /* Pods-workday-solution.release.xcconfig */ = {isa = PBXFileReference; includeInIndex = 1; lastKnownFileType = text.xcconfig; name = "Pods-workday-solution.release.xcconfig"; path = "Pods/Target Support Files/Pods-workday-solution/Pods-workday-solution.release.xcconfig"; sourceTree = "<group>"; };
		A2CD190A7110C4153DDC5D6B /* Pods-workday-solutionUITests.debug.xcconfig */ = {isa = PBXFileReference; includeInIndex = 1; lastKnownFileType = text.xcconfig; name = "Pods-workday-solutionUITests.debug.xcconfig"; path = "Pods/Target Support Files/Pods-workday-solutionUITests/Pods-workday-solutionUITests.debug.xcconfig"; sourceTree = "<group>"; };
		A5FDE6D50A88B82A077B3D81 /* Pods_workday_solutionTests.framework */ = {isa = PBXFileReference; explicitFileType = wrapper.framework; includeInIndex = 0; path = Pods_workday_solutionTests.framework; sourceTree = BUILT_PRODUCTS_DIR; };
		A626AF7C2078706C007F531B /* Alamofire+Extensions.swift */ = {isa = PBXFileReference; lastKnownFileType = sourcecode.swift; path = "Alamofire+Extensions.swift"; sourceTree = "<group>"; };
		A626AF8020787369007F531B /* MediaItemArray.swift */ = {isa = PBXFileReference; lastKnownFileType = sourcecode.swift; path = MediaItemArray.swift; sourceTree = "<group>"; };
		A64B9D1A2078870F0031B47F /* MediaItemVM.swift */ = {isa = PBXFileReference; lastKnownFileType = sourcecode.swift; path = MediaItemVM.swift; sourceTree = "<group>"; };
		A6BBA60A2077DC9F001AEE47 /* Strings.swift */ = {isa = PBXFileReference; lastKnownFileType = sourcecode.swift; path = Strings.swift; sourceTree = "<group>"; };
		A6FB54D02077C03500195029 /* workday-solution.app */ = {isa = PBXFileReference; explicitFileType = wrapper.application; includeInIndex = 0; path = "workday-solution.app"; sourceTree = BUILT_PRODUCTS_DIR; };
		A6FB54D32077C03500195029 /* AppDelegate.swift */ = {isa = PBXFileReference; lastKnownFileType = sourcecode.swift; path = AppDelegate.swift; sourceTree = "<group>"; };
		A6FB54D52077C03500195029 /* LaunchViewController.swift */ = {isa = PBXFileReference; lastKnownFileType = sourcecode.swift; path = LaunchViewController.swift; sourceTree = "<group>"; };
		A6FB54D82077C03500195029 /* Base */ = {isa = PBXFileReference; lastKnownFileType = file.storyboard; name = Base; path = Base.lproj/Main.storyboard; sourceTree = "<group>"; };
		A6FB54DA2077C03500195029 /* Assets.xcassets */ = {isa = PBXFileReference; lastKnownFileType = folder.assetcatalog; path = Assets.xcassets; sourceTree = "<group>"; };
		A6FB54DD2077C03500195029 /* Base */ = {isa = PBXFileReference; lastKnownFileType = file.storyboard; name = Base; path = Base.lproj/LaunchScreen.storyboard; sourceTree = "<group>"; };
		A6FB54DF2077C03500195029 /* Info.plist */ = {isa = PBXFileReference; lastKnownFileType = text.plist.xml; path = Info.plist; sourceTree = "<group>"; };
		A6FB54E42077C03500195029 /* workday-solutionTests.xctest */ = {isa = PBXFileReference; explicitFileType = wrapper.cfbundle; includeInIndex = 0; path = "workday-solutionTests.xctest"; sourceTree = BUILT_PRODUCTS_DIR; };
		A6FB54E82077C03500195029 /* workday_solutionTests.swift */ = {isa = PBXFileReference; lastKnownFileType = sourcecode.swift; path = workday_solutionTests.swift; sourceTree = "<group>"; };
		A6FB54EA2077C03500195029 /* Info.plist */ = {isa = PBXFileReference; lastKnownFileType = text.plist.xml; path = Info.plist; sourceTree = "<group>"; };
		A6FB54EF2077C03500195029 /* workday-solutionUITests.xctest */ = {isa = PBXFileReference; explicitFileType = wrapper.cfbundle; includeInIndex = 0; path = "workday-solutionUITests.xctest"; sourceTree = BUILT_PRODUCTS_DIR; };
		A6FB54F32077C03500195029 /* workday_solutionUITests.swift */ = {isa = PBXFileReference; lastKnownFileType = sourcecode.swift; path = workday_solutionUITests.swift; sourceTree = "<group>"; };
		A6FB54F52077C03500195029 /* Info.plist */ = {isa = PBXFileReference; lastKnownFileType = text.plist.xml; path = Info.plist; sourceTree = "<group>"; };
		A6FB55012077C6B700195029 /* APIService.swift */ = {isa = PBXFileReference; lastKnownFileType = sourcecode.swift; path = APIService.swift; sourceTree = "<group>"; };
		A6FB55052077C6E100195029 /* MediaCollectionViewController.swift */ = {isa = PBXFileReference; lastKnownFileType = sourcecode.swift; path = MediaCollectionViewController.swift; sourceTree = "<group>"; };
		A6FB55092077C6F900195029 /* MediaCollectionViewCell.swift */ = {isa = PBXFileReference; lastKnownFileType = sourcecode.swift; path = MediaCollectionViewCell.swift; sourceTree = "<group>"; };
		A6FB550A2077C6F900195029 /* MediaCollectionViewCell.xib */ = {isa = PBXFileReference; lastKnownFileType = file.xib; path = MediaCollectionViewCell.xib; sourceTree = "<group>"; };
		A6FB55112077C72700195029 /* MediaPlayerViewController.swift */ = {isa = PBXFileReference; lastKnownFileType = sourcecode.swift; path = MediaPlayerViewController.swift; sourceTree = "<group>"; };
		A6FB55152077C73A00195029 /* UIStoryboard+Extensions.swift */ = {isa = PBXFileReference; lastKnownFileType = sourcecode.swift; path = "UIStoryboard+Extensions.swift"; sourceTree = "<group>"; };
		A6FB55222077D6C400195029 /* MediaItem.swift */ = {isa = PBXFileReference; lastKnownFileType = sourcecode.swift; path = MediaItem.swift; sourceTree = "<group>"; };
		B649E0DB47C29901581FAB63 /* Pods-workday-solutionTests.release.xcconfig */ = {isa = PBXFileReference; includeInIndex = 1; lastKnownFileType = text.xcconfig; name = "Pods-workday-solutionTests.release.xcconfig"; path = "Pods/Target Support Files/Pods-workday-solutionTests/Pods-workday-solutionTests.release.xcconfig"; sourceTree = "<group>"; };
		C73E0CE06BB89C22EAD6E9D6 /* Pods_workday_solutionUITests.framework */ = {isa = PBXFileReference; explicitFileType = wrapper.framework; includeInIndex = 0; path = Pods_workday_solutionUITests.framework; sourceTree = BUILT_PRODUCTS_DIR; };
		F9BB3A32362EAEB0394CE43A /* Pods_workday_solution.framework */ = {isa = PBXFileReference; explicitFileType = wrapper.framework; includeInIndex = 0; path = Pods_workday_solution.framework; sourceTree = BUILT_PRODUCTS_DIR; };
/* End PBXFileReference section */

/* Begin PBXFrameworksBuildPhase section */
		A6FB54CD2077C03500195029 /* Frameworks */ = {
			isa = PBXFrameworksBuildPhase;
			buildActionMask = 2147483647;
			files = (
				39223BF4A48D6E3E11910455 /* Pods_workday_solution.framework in Frameworks */,
			);
			runOnlyForDeploymentPostprocessing = 0;
		};
		A6FB54E12077C03500195029 /* Frameworks */ = {
			isa = PBXFrameworksBuildPhase;
			buildActionMask = 2147483647;
			files = (
				B4BCD5F03A5A6C670E617790 /* Pods_workday_solutionTests.framework in Frameworks */,
			);
			runOnlyForDeploymentPostprocessing = 0;
		};
		A6FB54EC2077C03500195029 /* Frameworks */ = {
			isa = PBXFrameworksBuildPhase;
			buildActionMask = 2147483647;
			files = (
				71795C40D7394F0F62C1BD4F /* Pods_workday_solutionUITests.framework in Frameworks */,
			);
			runOnlyForDeploymentPostprocessing = 0;
		};
/* End PBXFrameworksBuildPhase section */

/* Begin PBXGroup section */
		438937D625DB67B54B190300 /* Frameworks */ = {
			isa = PBXGroup;
			children = (
				F9BB3A32362EAEB0394CE43A /* Pods_workday_solution.framework */,
				A5FDE6D50A88B82A077B3D81 /* Pods_workday_solutionTests.framework */,
				C73E0CE06BB89C22EAD6E9D6 /* Pods_workday_solutionUITests.framework */,
			);
			name = Frameworks;
			sourceTree = "<group>";
		};
		A64B9D19207886F70031B47F /* ViewModels */ = {
			isa = PBXGroup;
			children = (
				A64B9D1A2078870F0031B47F /* MediaItemVM.swift */,
			);
			path = ViewModels;
			sourceTree = "<group>";
		};
		A6FB54C72077C03500195029 = {
			isa = PBXGroup;
			children = (
				A6FB54D22077C03500195029 /* workday-solution */,
				A6FB54E72077C03500195029 /* workday-solutionTests */,
				A6FB54F22077C03500195029 /* workday-solutionUITests */,
				A6FB54D12077C03500195029 /* Products */,
				A846E1E02EF9C8EAC7ED6127 /* Pods */,
				438937D625DB67B54B190300 /* Frameworks */,
			);
			sourceTree = "<group>";
		};
		A6FB54D12077C03500195029 /* Products */ = {
			isa = PBXGroup;
			children = (
				A6FB54D02077C03500195029 /* workday-solution.app */,
				A6FB54E42077C03500195029 /* workday-solutionTests.xctest */,
				A6FB54EF2077C03500195029 /* workday-solutionUITests.xctest */,
			);
			name = Products;
			sourceTree = "<group>";
		};
		A6FB54D22077C03500195029 /* workday-solution */ = {
			isa = PBXGroup;
			children = (
				A64B9D19207886F70031B47F /* ViewModels */,
				A6FB55212077D69200195029 /* Models */,
				A6FB551B2077CB6800195029 /* ViewControllers */,
				A6FB551E2077CBA500195029 /* Views */,
				A6FB551D2077CB9900195029 /* Networking */,
				A6FB551C2077CB8500195029 /* Extensions */,
				A6FB551A2077CB5500195029 /* Xibs */,
				A6FB55192077CB4300195029 /* Storyboards */,
				A6FB54D32077C03500195029 /* AppDelegate.swift */,
				A6FB54DA2077C03500195029 /* Assets.xcassets */,
				A6FB54DF2077C03500195029 /* Info.plist */,
				A6BBA60A2077DC9F001AEE47 /* Strings.swift */,
			);
			path = "workday-solution";
			sourceTree = "<group>";
		};
		A6FB54E72077C03500195029 /* workday-solutionTests */ = {
			isa = PBXGroup;
			children = (
				A6FB54E82077C03500195029 /* workday_solutionTests.swift */,
				A6FB54EA2077C03500195029 /* Info.plist */,
			);
			path = "workday-solutionTests";
			sourceTree = "<group>";
		};
		A6FB54F22077C03500195029 /* workday-solutionUITests */ = {
			isa = PBXGroup;
			children = (
				A6FB54F32077C03500195029 /* workday_solutionUITests.swift */,
				A6FB54F52077C03500195029 /* Info.plist */,
			);
			path = "workday-solutionUITests";
			sourceTree = "<group>";
		};
		A6FB55192077CB4300195029 /* Storyboards */ = {
			isa = PBXGroup;
			children = (
				A6FB54D72077C03500195029 /* Main.storyboard */,
				A6FB54DC2077C03500195029 /* LaunchScreen.storyboard */,
			);
			path = Storyboards;
			sourceTree = "<group>";
		};
		A6FB551A2077CB5500195029 /* Xibs */ = {
			isa = PBXGroup;
			children = (
				A6FB550A2077C6F900195029 /* MediaCollectionViewCell.xib */,
			);
			path = Xibs;
			sourceTree = "<group>";
		};
		A6FB551B2077CB6800195029 /* ViewControllers */ = {
			isa = PBXGroup;
			children = (
				A6FB54D52077C03500195029 /* LaunchViewController.swift */,
				A6FB55112077C72700195029 /* MediaPlayerViewController.swift */,
				A6FB55052077C6E100195029 /* MediaCollectionViewController.swift */,
			);
			path = ViewControllers;
			sourceTree = "<group>";
		};
		A6FB551C2077CB8500195029 /* Extensions */ = {
			isa = PBXGroup;
			children = (
				A6FB55152077C73A00195029 /* UIStoryboard+Extensions.swift */,
				A626AF7C2078706C007F531B /* Alamofire+Extensions.swift */,
			);
			path = Extensions;
			sourceTree = "<group>";
		};
		A6FB551D2077CB9900195029 /* Networking */ = {
			isa = PBXGroup;
			children = (
				A6FB55012077C6B700195029 /* APIService.swift */,
			);
			path = Networking;
			sourceTree = "<group>";
		};
		A6FB551E2077CBA500195029 /* Views */ = {
			isa = PBXGroup;
			children = (
				A6FB55092077C6F900195029 /* MediaCollectionViewCell.swift */,
			);
			path = Views;
			sourceTree = "<group>";
		};
		A6FB55212077D69200195029 /* Models */ = {
			isa = PBXGroup;
			children = (
				A6FB55222077D6C400195029 /* MediaItem.swift */,
				A626AF8020787369007F531B /* MediaItemArray.swift */,
			);
			path = Models;
			sourceTree = "<group>";
		};
		A846E1E02EF9C8EAC7ED6127 /* Pods */ = {
			isa = PBXGroup;
			children = (
				77360D6FE8F1044E1E9814BF /* Pods-workday-solution.debug.xcconfig */,
				915E2837726246D08099AB85 /* Pods-workday-solution.release.xcconfig */,
				423A5340314B5C5DE4985249 /* Pods-workday-solutionTests.debug.xcconfig */,
				B649E0DB47C29901581FAB63 /* Pods-workday-solutionTests.release.xcconfig */,
				A2CD190A7110C4153DDC5D6B /* Pods-workday-solutionUITests.debug.xcconfig */,
				431E545A1D4E5278E36D7B4A /* Pods-workday-solutionUITests.release.xcconfig */,
			);
			name = Pods;
			sourceTree = "<group>";
		};
/* End PBXGroup section */

/* Begin PBXNativeTarget section */
		A6FB54CF2077C03500195029 /* workday-solution */ = {
			isa = PBXNativeTarget;
			buildConfigurationList = A6FB54F82077C03500195029 /* Build configuration list for PBXNativeTarget "workday-solution" */;
			buildPhases = (
				2F60FDC672ABE70FC5409E1E /* [CP] Check Pods Manifest.lock */,
				A6FB54CC2077C03500195029 /* Sources */,
				A6FB54CD2077C03500195029 /* Frameworks */,
				A6FB54CE2077C03500195029 /* Resources */,
				E3491712BCC64189CEAA9B4F /* [CP] Embed Pods Frameworks */,
				C6146EB27DE6E008B4F65AA2 /* [CP] Copy Pods Resources */,
			);
			buildRules = (
			);
			dependencies = (
			);
			name = "workday-solution";
			productName = "workday-solution";
			productReference = A6FB54D02077C03500195029 /* workday-solution.app */;
			productType = "com.apple.product-type.application";
		};
		A6FB54E32077C03500195029 /* workday-solutionTests */ = {
			isa = PBXNativeTarget;
			buildConfigurationList = A6FB54FB2077C03500195029 /* Build configuration list for PBXNativeTarget "workday-solutionTests" */;
			buildPhases = (
				2A7C2660479C478CEF59EF18 /* [CP] Check Pods Manifest.lock */,
				A6FB54E02077C03500195029 /* Sources */,
				A6FB54E12077C03500195029 /* Frameworks */,
				A6FB54E22077C03500195029 /* Resources */,
				23E4A1BCC9F7280AA173A400 /* [CP] Embed Pods Frameworks */,
				5A62DD400F1D55FD302CCAD3 /* [CP] Copy Pods Resources */,
			);
			buildRules = (
			);
			dependencies = (
				A6FB54E62077C03500195029 /* PBXTargetDependency */,
			);
			name = "workday-solutionTests";
			productName = "workday-solutionTests";
			productReference = A6FB54E42077C03500195029 /* workday-solutionTests.xctest */;
			productType = "com.apple.product-type.bundle.unit-test";
		};
		A6FB54EE2077C03500195029 /* workday-solutionUITests */ = {
			isa = PBXNativeTarget;
			buildConfigurationList = A6FB54FE2077C03500195029 /* Build configuration list for PBXNativeTarget "workday-solutionUITests" */;
			buildPhases = (
				29569B618BF99B75CD2AC140 /* [CP] Check Pods Manifest.lock */,
				A6FB54EB2077C03500195029 /* Sources */,
				A6FB54EC2077C03500195029 /* Frameworks */,
				A6FB54ED2077C03500195029 /* Resources */,
				3DFD65415264E5B5AD684D64 /* [CP] Embed Pods Frameworks */,
				C9AF2789ABA6BE5BE9B9727A /* [CP] Copy Pods Resources */,
			);
			buildRules = (
			);
			dependencies = (
				A6FB54F12077C03500195029 /* PBXTargetDependency */,
			);
			name = "workday-solutionUITests";
			productName = "workday-solutionUITests";
			productReference = A6FB54EF2077C03500195029 /* workday-solutionUITests.xctest */;
			productType = "com.apple.product-type.bundle.ui-testing";
		};
/* End PBXNativeTarget section */

/* Begin PBXProject section */
		A6FB54C82077C03500195029 /* Project object */ = {
			isa = PBXProject;
			attributes = {
				LastSwiftUpdateCheck = 0900;
				LastUpgradeCheck = 0930;
				ORGANIZATIONNAME = AmateMint;
				TargetAttributes = {
					A6FB54CF2077C03500195029 = {
						CreatedOnToolsVersion = 9.0.1;
						ProvisioningStyle = Automatic;
					};
					A6FB54E32077C03500195029 = {
						CreatedOnToolsVersion = 9.0.1;
						ProvisioningStyle = Automatic;
						TestTargetID = A6FB54CF2077C03500195029;
					};
					A6FB54EE2077C03500195029 = {
						CreatedOnToolsVersion = 9.0.1;
						ProvisioningStyle = Automatic;
						TestTargetID = A6FB54CF2077C03500195029;
					};
				};
			};
			buildConfigurationList = A6FB54CB2077C03500195029 /* Build configuration list for PBXProject "workday-solution" */;
			compatibilityVersion = "Xcode 8.0";
			developmentRegion = en;
			hasScannedForEncodings = 0;
			knownRegions = (
				en,
				Base,
			);
			mainGroup = A6FB54C72077C03500195029;
			productRefGroup = A6FB54D12077C03500195029 /* Products */;
			projectDirPath = "";
			projectRoot = "";
			targets = (
				A6FB54CF2077C03500195029 /* workday-solution */,
				A6FB54E32077C03500195029 /* workday-solutionTests */,
				A6FB54EE2077C03500195029 /* workday-solutionUITests */,
			);
		};
/* End PBXProject section */

/* Begin PBXResourcesBuildPhase section */
		A6FB54CE2077C03500195029 /* Resources */ = {
			isa = PBXResourcesBuildPhase;
			buildActionMask = 2147483647;
			files = (
				A6FB54DE2077C03500195029 /* LaunchScreen.storyboard in Resources */,
				A6FB54DB2077C03500195029 /* Assets.xcassets in Resources */,
				A6FB54D92077C03500195029 /* Main.storyboard in Resources */,
				A6FB550E2077C6F900195029 /* MediaCollectionViewCell.xib in Resources */,
			);
			runOnlyForDeploymentPostprocessing = 0;
		};
		A6FB54E22077C03500195029 /* Resources */ = {
			isa = PBXResourcesBuildPhase;
			buildActionMask = 2147483647;
			files = (
				A6FB550F2077C6F900195029 /* MediaCollectionViewCell.xib in Resources */,
			);
			runOnlyForDeploymentPostprocessing = 0;
		};
		A6FB54ED2077C03500195029 /* Resources */ = {
			isa = PBXResourcesBuildPhase;
			buildActionMask = 2147483647;
			files = (
				A6FB55102077C6F900195029 /* MediaCollectionViewCell.xib in Resources */,
			);
			runOnlyForDeploymentPostprocessing = 0;
		};
/* End PBXResourcesBuildPhase section */

/* Begin PBXShellScriptBuildPhase section */
		23E4A1BCC9F7280AA173A400 /* [CP] Embed Pods Frameworks */ = {
			isa = PBXShellScriptBuildPhase;
			buildActionMask = 2147483647;
			files = (
			);
			inputPaths = (
				"${SRCROOT}/Pods/Target Support Files/Pods-workday-solutionTests/Pods-workday-solutionTests-frameworks.sh",
				"${BUILT_PRODUCTS_DIR}/Alamofire/Alamofire.framework",
				"${BUILT_PRODUCTS_DIR}/Cache/Cache.framework",
				"${BUILT_PRODUCTS_DIR}/DynamicBlurView/DynamicBlurView.framework",
				"${BUILT_PRODUCTS_DIR}/GradientProgressBar/GradientProgressBar.framework",
				"${BUILT_PRODUCTS_DIR}/HTTPStatusCodes/HTTPStatusCodes.framework",
				"${BUILT_PRODUCTS_DIR}/MarqueeLabel/MarqueeLabel.framework",
				"${BUILT_PRODUCTS_DIR}/NotificationBannerSwift/NotificationBannerSwift.framework",
				"${BUILT_PRODUCTS_DIR}/Player/Player.framework",
				"${BUILT_PRODUCTS_DIR}/Pooling/Pooling.framework",
				"${BUILT_PRODUCTS_DIR}/PopupDialog/PopupDialog.framework",
				"${BUILT_PRODUCTS_DIR}/PromiseKit/PromiseKit.framework",
				"${BUILT_PRODUCTS_DIR}/ReachabilitySwift/Reachability.framework",
				"${BUILT_PRODUCTS_DIR}/Realm/Realm.framework",
				"${BUILT_PRODUCTS_DIR}/RealmSwift/RealmSwift.framework",
				"${BUILT_PRODUCTS_DIR}/SnapKit/SnapKit.framework",
			);
			name = "[CP] Embed Pods Frameworks";
			outputPaths = (
				"${TARGET_BUILD_DIR}/${FRAMEWORKS_FOLDER_PATH}/Alamofire.framework",
				"${TARGET_BUILD_DIR}/${FRAMEWORKS_FOLDER_PATH}/Cache.framework",
				"${TARGET_BUILD_DIR}/${FRAMEWORKS_FOLDER_PATH}/DynamicBlurView.framework",
				"${TARGET_BUILD_DIR}/${FRAMEWORKS_FOLDER_PATH}/GradientProgressBar.framework",
				"${TARGET_BUILD_DIR}/${FRAMEWORKS_FOLDER_PATH}/HTTPStatusCodes.framework",
				"${TARGET_BUILD_DIR}/${FRAMEWORKS_FOLDER_PATH}/MarqueeLabel.framework",
				"${TARGET_BUILD_DIR}/${FRAMEWORKS_FOLDER_PATH}/NotificationBannerSwift.framework",
				"${TARGET_BUILD_DIR}/${FRAMEWORKS_FOLDER_PATH}/Player.framework",
				"${TARGET_BUILD_DIR}/${FRAMEWORKS_FOLDER_PATH}/Pooling.framework",
				"${TARGET_BUILD_DIR}/${FRAMEWORKS_FOLDER_PATH}/PopupDialog.framework",
				"${TARGET_BUILD_DIR}/${FRAMEWORKS_FOLDER_PATH}/PromiseKit.framework",
				"${TARGET_BUILD_DIR}/${FRAMEWORKS_FOLDER_PATH}/Reachability.framework",
				"${TARGET_BUILD_DIR}/${FRAMEWORKS_FOLDER_PATH}/Realm.framework",
				"${TARGET_BUILD_DIR}/${FRAMEWORKS_FOLDER_PATH}/RealmSwift.framework",
				"${TARGET_BUILD_DIR}/${FRAMEWORKS_FOLDER_PATH}/SnapKit.framework",
			);
			runOnlyForDeploymentPostprocessing = 0;
			shellPath = /bin/sh;
			shellScript = "\"${SRCROOT}/Pods/Target Support Files/Pods-workday-solutionTests/Pods-workday-solutionTests-frameworks.sh\"\n";
			showEnvVarsInLog = 0;
		};
		29569B618BF99B75CD2AC140 /* [CP] Check Pods Manifest.lock */ = {
			isa = PBXShellScriptBuildPhase;
			buildActionMask = 2147483647;
			files = (
			);
			inputPaths = (
				"${PODS_PODFILE_DIR_PATH}/Podfile.lock",
				"${PODS_ROOT}/Manifest.lock",
			);
			name = "[CP] Check Pods Manifest.lock";
			outputPaths = (
				"$(DERIVED_FILE_DIR)/Pods-workday-solutionUITests-checkManifestLockResult.txt",
			);
			runOnlyForDeploymentPostprocessing = 0;
			shellPath = /bin/sh;
			shellScript = "diff \"${PODS_PODFILE_DIR_PATH}/Podfile.lock\" \"${PODS_ROOT}/Manifest.lock\" > /dev/null\nif [ $? != 0 ] ; then\n    # print error to STDERR\n    echo \"error: The sandbox is not in sync with the Podfile.lock. Run 'pod install' or update your CocoaPods installation.\" >&2\n    exit 1\nfi\n# This output is used by Xcode 'outputs' to avoid re-running this script phase.\necho \"SUCCESS\" > \"${SCRIPT_OUTPUT_FILE_0}\"\n";
			showEnvVarsInLog = 0;
		};
		2A7C2660479C478CEF59EF18 /* [CP] Check Pods Manifest.lock */ = {
			isa = PBXShellScriptBuildPhase;
			buildActionMask = 2147483647;
			files = (
			);
			inputPaths = (
				"${PODS_PODFILE_DIR_PATH}/Podfile.lock",
				"${PODS_ROOT}/Manifest.lock",
			);
			name = "[CP] Check Pods Manifest.lock";
			outputPaths = (
				"$(DERIVED_FILE_DIR)/Pods-workday-solutionTests-checkManifestLockResult.txt",
			);
			runOnlyForDeploymentPostprocessing = 0;
			shellPath = /bin/sh;
			shellScript = "diff \"${PODS_PODFILE_DIR_PATH}/Podfile.lock\" \"${PODS_ROOT}/Manifest.lock\" > /dev/null\nif [ $? != 0 ] ; then\n    # print error to STDERR\n    echo \"error: The sandbox is not in sync with the Podfile.lock. Run 'pod install' or update your CocoaPods installation.\" >&2\n    exit 1\nfi\n# This output is used by Xcode 'outputs' to avoid re-running this script phase.\necho \"SUCCESS\" > \"${SCRIPT_OUTPUT_FILE_0}\"\n";
			showEnvVarsInLog = 0;
		};
		2F60FDC672ABE70FC5409E1E /* [CP] Check Pods Manifest.lock */ = {
			isa = PBXShellScriptBuildPhase;
			buildActionMask = 2147483647;
			files = (
			);
			inputPaths = (
				"${PODS_PODFILE_DIR_PATH}/Podfile.lock",
				"${PODS_ROOT}/Manifest.lock",
			);
			name = "[CP] Check Pods Manifest.lock";
			outputPaths = (
				"$(DERIVED_FILE_DIR)/Pods-workday-solution-checkManifestLockResult.txt",
			);
			runOnlyForDeploymentPostprocessing = 0;
			shellPath = /bin/sh;
			shellScript = "diff \"${PODS_PODFILE_DIR_PATH}/Podfile.lock\" \"${PODS_ROOT}/Manifest.lock\" > /dev/null\nif [ $? != 0 ] ; then\n    # print error to STDERR\n    echo \"error: The sandbox is not in sync with the Podfile.lock. Run 'pod install' or update your CocoaPods installation.\" >&2\n    exit 1\nfi\n# This output is used by Xcode 'outputs' to avoid re-running this script phase.\necho \"SUCCESS\" > \"${SCRIPT_OUTPUT_FILE_0}\"\n";
			showEnvVarsInLog = 0;
		};
		3DFD65415264E5B5AD684D64 /* [CP] Embed Pods Frameworks */ = {
			isa = PBXShellScriptBuildPhase;
			buildActionMask = 2147483647;
			files = (
			);
			inputPaths = (
				"${SRCROOT}/Pods/Target Support Files/Pods-workday-solutionUITests/Pods-workday-solutionUITests-frameworks.sh",
				"${BUILT_PRODUCTS_DIR}/Alamofire/Alamofire.framework",
				"${BUILT_PRODUCTS_DIR}/Cache/Cache.framework",
				"${BUILT_PRODUCTS_DIR}/DynamicBlurView/DynamicBlurView.framework",
				"${BUILT_PRODUCTS_DIR}/GradientProgressBar/GradientProgressBar.framework",
				"${BUILT_PRODUCTS_DIR}/HTTPStatusCodes/HTTPStatusCodes.framework",
				"${BUILT_PRODUCTS_DIR}/MarqueeLabel/MarqueeLabel.framework",
				"${BUILT_PRODUCTS_DIR}/NotificationBannerSwift/NotificationBannerSwift.framework",
				"${BUILT_PRODUCTS_DIR}/Player/Player.framework",
				"${BUILT_PRODUCTS_DIR}/Pooling/Pooling.framework",
				"${BUILT_PRODUCTS_DIR}/PopupDialog/PopupDialog.framework",
				"${BUILT_PRODUCTS_DIR}/PromiseKit/PromiseKit.framework",
				"${BUILT_PRODUCTS_DIR}/ReachabilitySwift/Reachability.framework",
				"${BUILT_PRODUCTS_DIR}/Realm/Realm.framework",
				"${BUILT_PRODUCTS_DIR}/RealmSwift/RealmSwift.framework",
				"${BUILT_PRODUCTS_DIR}/SnapKit/SnapKit.framework",
			);
			name = "[CP] Embed Pods Frameworks";
			outputPaths = (
				"${TARGET_BUILD_DIR}/${FRAMEWORKS_FOLDER_PATH}/Alamofire.framework",
				"${TARGET_BUILD_DIR}/${FRAMEWORKS_FOLDER_PATH}/Cache.framework",
				"${TARGET_BUILD_DIR}/${FRAMEWORKS_FOLDER_PATH}/DynamicBlurView.framework",
				"${TARGET_BUILD_DIR}/${FRAMEWORKS_FOLDER_PATH}/GradientProgressBar.framework",
				"${TARGET_BUILD_DIR}/${FRAMEWORKS_FOLDER_PATH}/HTTPStatusCodes.framework",
				"${TARGET_BUILD_DIR}/${FRAMEWORKS_FOLDER_PATH}/MarqueeLabel.framework",
				"${TARGET_BUILD_DIR}/${FRAMEWORKS_FOLDER_PATH}/NotificationBannerSwift.framework",
				"${TARGET_BUILD_DIR}/${FRAMEWORKS_FOLDER_PATH}/Player.framework",
				"${TARGET_BUILD_DIR}/${FRAMEWORKS_FOLDER_PATH}/Pooling.framework",
				"${TARGET_BUILD_DIR}/${FRAMEWORKS_FOLDER_PATH}/PopupDialog.framework",
				"${TARGET_BUILD_DIR}/${FRAMEWORKS_FOLDER_PATH}/PromiseKit.framework",
				"${TARGET_BUILD_DIR}/${FRAMEWORKS_FOLDER_PATH}/Reachability.framework",
				"${TARGET_BUILD_DIR}/${FRAMEWORKS_FOLDER_PATH}/Realm.framework",
				"${TARGET_BUILD_DIR}/${FRAMEWORKS_FOLDER_PATH}/RealmSwift.framework",
				"${TARGET_BUILD_DIR}/${FRAMEWORKS_FOLDER_PATH}/SnapKit.framework",
			);
			runOnlyForDeploymentPostprocessing = 0;
			shellPath = /bin/sh;
			shellScript = "\"${SRCROOT}/Pods/Target Support Files/Pods-workday-solutionUITests/Pods-workday-solutionUITests-frameworks.sh\"\n";
			showEnvVarsInLog = 0;
		};
		5A62DD400F1D55FD302CCAD3 /* [CP] Copy Pods Resources */ = {
			isa = PBXShellScriptBuildPhase;
			buildActionMask = 2147483647;
			files = (
			);
			inputPaths = (
			);
			name = "[CP] Copy Pods Resources";
			outputPaths = (
			);
			runOnlyForDeploymentPostprocessing = 0;
			shellPath = /bin/sh;
			shellScript = "\"${SRCROOT}/Pods/Target Support Files/Pods-workday-solutionTests/Pods-workday-solutionTests-resources.sh\"\n";
			showEnvVarsInLog = 0;
		};
		C6146EB27DE6E008B4F65AA2 /* [CP] Copy Pods Resources */ = {
			isa = PBXShellScriptBuildPhase;
			buildActionMask = 2147483647;
			files = (
			);
			inputPaths = (
			);
			name = "[CP] Copy Pods Resources";
			outputPaths = (
			);
			runOnlyForDeploymentPostprocessing = 0;
			shellPath = /bin/sh;
			shellScript = "\"${SRCROOT}/Pods/Target Support Files/Pods-workday-solution/Pods-workday-solution-resources.sh\"\n";
			showEnvVarsInLog = 0;
		};
		C9AF2789ABA6BE5BE9B9727A /* [CP] Copy Pods Resources */ = {
			isa = PBXShellScriptBuildPhase;
			buildActionMask = 2147483647;
			files = (
			);
			inputPaths = (
			);
			name = "[CP] Copy Pods Resources";
			outputPaths = (
			);
			runOnlyForDeploymentPostprocessing = 0;
			shellPath = /bin/sh;
			shellScript = "\"${SRCROOT}/Pods/Target Support Files/Pods-workday-solutionUITests/Pods-workday-solutionUITests-resources.sh\"\n";
			showEnvVarsInLog = 0;
		};
		E3491712BCC64189CEAA9B4F /* [CP] Embed Pods Frameworks */ = {
			isa = PBXShellScriptBuildPhase;
			buildActionMask = 2147483647;
			files = (
			);
			inputPaths = (
				"${SRCROOT}/Pods/Target Support Files/Pods-workday-solution/Pods-workday-solution-frameworks.sh",
				"${BUILT_PRODUCTS_DIR}/Alamofire/Alamofire.framework",
				"${BUILT_PRODUCTS_DIR}/Cache/Cache.framework",
				"${BUILT_PRODUCTS_DIR}/DynamicBlurView/DynamicBlurView.framework",
				"${BUILT_PRODUCTS_DIR}/GradientProgressBar/GradientProgressBar.framework",
				"${BUILT_PRODUCTS_DIR}/HTTPStatusCodes/HTTPStatusCodes.framework",
				"${BUILT_PRODUCTS_DIR}/MarqueeLabel/MarqueeLabel.framework",
				"${BUILT_PRODUCTS_DIR}/NotificationBannerSwift/NotificationBannerSwift.framework",
				"${BUILT_PRODUCTS_DIR}/Player/Player.framework",
				"${BUILT_PRODUCTS_DIR}/Pooling/Pooling.framework",
				"${BUILT_PRODUCTS_DIR}/PopupDialog/PopupDialog.framework",
				"${BUILT_PRODUCTS_DIR}/PromiseKit/PromiseKit.framework",
				"${BUILT_PRODUCTS_DIR}/ReachabilitySwift/Reachability.framework",
				"${BUILT_PRODUCTS_DIR}/Realm/Realm.framework",
				"${BUILT_PRODUCTS_DIR}/RealmSwift/RealmSwift.framework",
				"${BUILT_PRODUCTS_DIR}/SnapKit/SnapKit.framework",
			);
			name = "[CP] Embed Pods Frameworks";
			outputPaths = (
				"${TARGET_BUILD_DIR}/${FRAMEWORKS_FOLDER_PATH}/Alamofire.framework",
				"${TARGET_BUILD_DIR}/${FRAMEWORKS_FOLDER_PATH}/Cache.framework",
				"${TARGET_BUILD_DIR}/${FRAMEWORKS_FOLDER_PATH}/DynamicBlurView.framework",
				"${TARGET_BUILD_DIR}/${FRAMEWORKS_FOLDER_PATH}/GradientProgressBar.framework",
				"${TARGET_BUILD_DIR}/${FRAMEWORKS_FOLDER_PATH}/HTTPStatusCodes.framework",
				"${TARGET_BUILD_DIR}/${FRAMEWORKS_FOLDER_PATH}/MarqueeLabel.framework",
				"${TARGET_BUILD_DIR}/${FRAMEWORKS_FOLDER_PATH}/NotificationBannerSwift.framework",
				"${TARGET_BUILD_DIR}/${FRAMEWORKS_FOLDER_PATH}/Player.framework",
				"${TARGET_BUILD_DIR}/${FRAMEWORKS_FOLDER_PATH}/Pooling.framework",
				"${TARGET_BUILD_DIR}/${FRAMEWORKS_FOLDER_PATH}/PopupDialog.framework",
				"${TARGET_BUILD_DIR}/${FRAMEWORKS_FOLDER_PATH}/PromiseKit.framework",
				"${TARGET_BUILD_DIR}/${FRAMEWORKS_FOLDER_PATH}/Reachability.framework",
				"${TARGET_BUILD_DIR}/${FRAMEWORKS_FOLDER_PATH}/Realm.framework",
				"${TARGET_BUILD_DIR}/${FRAMEWORKS_FOLDER_PATH}/RealmSwift.framework",
				"${TARGET_BUILD_DIR}/${FRAMEWORKS_FOLDER_PATH}/SnapKit.framework",
			);
			runOnlyForDeploymentPostprocessing = 0;
			shellPath = /bin/sh;
			shellScript = "\"${SRCROOT}/Pods/Target Support Files/Pods-workday-solution/Pods-workday-solution-frameworks.sh\"\n";
			showEnvVarsInLog = 0;
		};
/* End PBXShellScriptBuildPhase section */

/* Begin PBXSourcesBuildPhase section */
		A6FB54CC2077C03500195029 /* Sources */ = {
			isa = PBXSourcesBuildPhase;
			buildActionMask = 2147483647;
			files = (
				A6FB550B2077C6F900195029 /* MediaCollectionViewCell.swift in Sources */,
				A626AF8120787369007F531B /* MediaItemArray.swift in Sources */,
				A64B9D1B2078870F0031B47F /* MediaItemVM.swift in Sources */,
				A6BBA60B2077DC9F001AEE47 /* Strings.swift in Sources */,
				A626AF7D2078706C007F531B /* Alamofire+Extensions.swift in Sources */,
				A6FB55232077D6C400195029 /* MediaItem.swift in Sources */,
				A6FB54D62077C03500195029 /* LaunchViewController.swift in Sources */,
				A6FB55062077C6E100195029 /* MediaCollectionViewController.swift in Sources */,
				A6FB55022077C6B700195029 /* APIService.swift in Sources */,
				A6FB55122077C72700195029 /* MediaPlayerViewController.swift in Sources */,
				A6FB54D42077C03500195029 /* AppDelegate.swift in Sources */,
				A6FB55162077C73A00195029 /* UIStoryboard+Extensions.swift in Sources */,
			);
			runOnlyForDeploymentPostprocessing = 0;
		};
		A6FB54E02077C03500195029 /* Sources */ = {
			isa = PBXSourcesBuildPhase;
			buildActionMask = 2147483647;
			files = (
				A6FB55172077C73A00195029 /* UIStoryboard+Extensions.swift in Sources */,
				A626AF7E2078706C007F531B /* Alamofire+Extensions.swift in Sources */,
				A6FB551F2077CE7C00195029 /* MediaCollectionViewController.swift in Sources */,
				A6FB54E92077C03500195029 /* workday_solutionTests.swift in Sources */,
				A6FB550C2077C6F900195029 /* MediaCollectionViewCell.swift in Sources */,
				A626AF8220787369007F531B /* MediaItemArray.swift in Sources */,
				A64B9D1E207929BC0031B47F /* APIService.swift in Sources */,
				A6FB55242077D6C400195029 /* MediaItem.swift in Sources */,
				A6BBA60C2077DC9F001AEE47 /* Strings.swift in Sources */,
				A64B9D1C2078870F0031B47F /* MediaItemVM.swift in Sources */,
			);
			runOnlyForDeploymentPostprocessing = 0;
		};
		A6FB54EB2077C03500195029 /* Sources */ = {
			isa = PBXSourcesBuildPhase;
			buildActionMask = 2147483647;
			files = (
				A6FB55182077C73A00195029 /* UIStoryboard+Extensions.swift in Sources */,
				A626AF7F2078706C007F531B /* Alamofire+Extensions.swift in Sources */,
				A6FB55202077CE8300195029 /* MediaCollectionViewController.swift in Sources */,
				A6FB54F42077C03500195029 /* workday_solutionUITests.swift in Sources */,
				A6FB550D2077C6F900195029 /* MediaCollectionViewCell.swift in Sources */,
				A626AF8320787369007F531B /* MediaItemArray.swift in Sources */,
				A64B9D1F207929BD0031B47F /* APIService.swift in Sources */,
				A6FB55252077D6C400195029 /* MediaItem.swift in Sources */,
				A6BBA60D2077DC9F001AEE47 /* Strings.swift in Sources */,
				A64B9D1D2078870F0031B47F /* MediaItemVM.swift in Sources */,
			);
			runOnlyForDeploymentPostprocessing = 0;
		};
/* End PBXSourcesBuildPhase section */

/* Begin PBXTargetDependency section */
		A6FB54E62077C03500195029 /* PBXTargetDependency */ = {
			isa = PBXTargetDependency;
			target = A6FB54CF2077C03500195029 /* workday-solution */;
			targetProxy = A6FB54E52077C03500195029 /* PBXContainerItemProxy */;
		};
		A6FB54F12077C03500195029 /* PBXTargetDependency */ = {
			isa = PBXTargetDependency;
			target = A6FB54CF2077C03500195029 /* workday-solution */;
			targetProxy = A6FB54F02077C03500195029 /* PBXContainerItemProxy */;
		};
/* End PBXTargetDependency section */

/* Begin PBXVariantGroup section */
		A6FB54D72077C03500195029 /* Main.storyboard */ = {
			isa = PBXVariantGroup;
			children = (
				A6FB54D82077C03500195029 /* Base */,
			);
			name = Main.storyboard;
			sourceTree = "<group>";
		};
		A6FB54DC2077C03500195029 /* LaunchScreen.storyboard */ = {
			isa = PBXVariantGroup;
			children = (
				A6FB54DD2077C03500195029 /* Base */,
			);
			name = LaunchScreen.storyboard;
			sourceTree = "<group>";
		};
/* End PBXVariantGroup section */

/* Begin XCBuildConfiguration section */
		A6FB54F62077C03500195029 /* Debug */ = {
			isa = XCBuildConfiguration;
			buildSettings = {
				ALWAYS_SEARCH_USER_PATHS = NO;
				CLANG_ANALYZER_NONNULL = YES;
				CLANG_ANALYZER_NUMBER_OBJECT_CONVERSION = YES_AGGRESSIVE;
				CLANG_CXX_LANGUAGE_STANDARD = "gnu++14";
				CLANG_CXX_LIBRARY = "libc++";
				CLANG_ENABLE_MODULES = YES;
				CLANG_ENABLE_OBJC_ARC = YES;
				CLANG_WARN_BLOCK_CAPTURE_AUTORELEASING = YES;
				CLANG_WARN_BOOL_CONVERSION = YES;
				CLANG_WARN_COMMA = YES;
				CLANG_WARN_CONSTANT_CONVERSION = YES;
				CLANG_WARN_DEPRECATED_OBJC_IMPLEMENTATIONS = YES;
				CLANG_WARN_DIRECT_OBJC_ISA_USAGE = YES_ERROR;
				CLANG_WARN_DOCUMENTATION_COMMENTS = YES;
				CLANG_WARN_EMPTY_BODY = YES;
				CLANG_WARN_ENUM_CONVERSION = YES;
				CLANG_WARN_INFINITE_RECURSION = YES;
				CLANG_WARN_INT_CONVERSION = YES;
				CLANG_WARN_NON_LITERAL_NULL_CONVERSION = YES;
				CLANG_WARN_OBJC_IMPLICIT_RETAIN_SELF = YES;
				CLANG_WARN_OBJC_LITERAL_CONVERSION = YES;
				CLANG_WARN_OBJC_ROOT_CLASS = YES_ERROR;
				CLANG_WARN_RANGE_LOOP_ANALYSIS = YES;
				CLANG_WARN_STRICT_PROTOTYPES = YES;
				CLANG_WARN_SUSPICIOUS_MOVE = YES;
				CLANG_WARN_UNGUARDED_AVAILABILITY = YES_AGGRESSIVE;
				CLANG_WARN_UNREACHABLE_CODE = YES;
				CLANG_WARN__DUPLICATE_METHOD_MATCH = YES;
				CODE_SIGN_IDENTITY = "iPhone Developer";
				COPY_PHASE_STRIP = NO;
				DEBUG_INFORMATION_FORMAT = dwarf;
				ENABLE_STRICT_OBJC_MSGSEND = YES;
				ENABLE_TESTABILITY = YES;
				GCC_C_LANGUAGE_STANDARD = gnu11;
				GCC_DYNAMIC_NO_PIC = NO;
				GCC_NO_COMMON_BLOCKS = YES;
				GCC_OPTIMIZATION_LEVEL = 0;
				GCC_PREPROCESSOR_DEFINITIONS = (
					"DEBUG=1",
					"$(inherited)",
				);
				GCC_WARN_64_TO_32_BIT_CONVERSION = YES;
				GCC_WARN_ABOUT_RETURN_TYPE = YES_ERROR;
				GCC_WARN_UNDECLARED_SELECTOR = YES;
				GCC_WARN_UNINITIALIZED_AUTOS = YES_AGGRESSIVE;
				GCC_WARN_UNUSED_FUNCTION = YES;
				GCC_WARN_UNUSED_VARIABLE = YES;
				IPHONEOS_DEPLOYMENT_TARGET = 11.0;
				MTL_ENABLE_DEBUG_INFO = YES;
				ONLY_ACTIVE_ARCH = YES;
				SDKROOT = iphoneos;
				SWIFT_ACTIVE_COMPILATION_CONDITIONS = DEBUG;
				SWIFT_OPTIMIZATION_LEVEL = "-Onone";
			};
			name = Debug;
		};
		A6FB54F72077C03500195029 /* Release */ = {
			isa = XCBuildConfiguration;
			buildSettings = {
				ALWAYS_SEARCH_USER_PATHS = NO;
				CLANG_ANALYZER_NONNULL = YES;
				CLANG_ANALYZER_NUMBER_OBJECT_CONVERSION = YES_AGGRESSIVE;
				CLANG_CXX_LANGUAGE_STANDARD = "gnu++14";
				CLANG_CXX_LIBRARY = "libc++";
				CLANG_ENABLE_MODULES = YES;
				CLANG_ENABLE_OBJC_ARC = YES;
				CLANG_WARN_BLOCK_CAPTURE_AUTORELEASING = YES;
				CLANG_WARN_BOOL_CONVERSION = YES;
				CLANG_WARN_COMMA = YES;
				CLANG_WARN_CONSTANT_CONVERSION = YES;
				CLANG_WARN_DEPRECATED_OBJC_IMPLEMENTATIONS = YES;
				CLANG_WARN_DIRECT_OBJC_ISA_USAGE = YES_ERROR;
				CLANG_WARN_DOCUMENTATION_COMMENTS = YES;
				CLANG_WARN_EMPTY_BODY = YES;
				CLANG_WARN_ENUM_CONVERSION = YES;
				CLANG_WARN_INFINITE_RECURSION = YES;
				CLANG_WARN_INT_CONVERSION = YES;
				CLANG_WARN_NON_LITERAL_NULL_CONVERSION = YES;
				CLANG_WARN_OBJC_IMPLICIT_RETAIN_SELF = YES;
				CLANG_WARN_OBJC_LITERAL_CONVERSION = YES;
				CLANG_WARN_OBJC_ROOT_CLASS = YES_ERROR;
				CLANG_WARN_RANGE_LOOP_ANALYSIS = YES;
				CLANG_WARN_STRICT_PROTOTYPES = YES;
				CLANG_WARN_SUSPICIOUS_MOVE = YES;
				CLANG_WARN_UNGUARDED_AVAILABILITY = YES_AGGRESSIVE;
				CLANG_WARN_UNREACHABLE_CODE = YES;
				CLANG_WARN__DUPLICATE_METHOD_MATCH = YES;
				CODE_SIGN_IDENTITY = "iPhone Developer";
				COPY_PHASE_STRIP = NO;
				DEBUG_INFORMATION_FORMAT = "dwarf-with-dsym";
				ENABLE_NS_ASSERTIONS = NO;
				ENABLE_STRICT_OBJC_MSGSEND = YES;
				GCC_C_LANGUAGE_STANDARD = gnu11;
				GCC_NO_COMMON_BLOCKS = YES;
				GCC_WARN_64_TO_32_BIT_CONVERSION = YES;
				GCC_WARN_ABOUT_RETURN_TYPE = YES_ERROR;
				GCC_WARN_UNDECLARED_SELECTOR = YES;
				GCC_WARN_UNINITIALIZED_AUTOS = YES_AGGRESSIVE;
				GCC_WARN_UNUSED_FUNCTION = YES;
				GCC_WARN_UNUSED_VARIABLE = YES;
				IPHONEOS_DEPLOYMENT_TARGET = 11.0;
				MTL_ENABLE_DEBUG_INFO = NO;
				SDKROOT = iphoneos;
				SWIFT_OPTIMIZATION_LEVEL = "-Owholemodule";
				VALIDATE_PRODUCT = YES;
			};
			name = Release;
		};
		A6FB54F92077C03500195029 /* Debug */ = {
			isa = XCBuildConfiguration;
			baseConfigurationReference = 77360D6FE8F1044E1E9814BF /* Pods-workday-solution.debug.xcconfig */;
			buildSettings = {
				ASSETCATALOG_COMPILER_APPICON_NAME = AppIcon;
				CODE_SIGN_STYLE = Automatic;
				DEVELOPMENT_TEAM = MR3R3WZ66Q;
				INFOPLIST_FILE = "workday-solution/Info.plist";
				LD_RUNPATH_SEARCH_PATHS = "$(inherited) @executable_path/Frameworks";
				PRODUCT_BUNDLE_IDENTIFIER = "com.AmateMint.workday-solution";
				PRODUCT_NAME = "$(TARGET_NAME)";
				SWIFT_VERSION = 4.0;
				TARGETED_DEVICE_FAMILY = "1,2";
			};
			name = Debug;
		};
		A6FB54FA2077C03500195029 /* Release */ = {
			isa = XCBuildConfiguration;
			baseConfigurationReference = 915E2837726246D08099AB85 /* Pods-workday-solution.release.xcconfig */;
			buildSettings = {
				ASSETCATALOG_COMPILER_APPICON_NAME = AppIcon;
				CODE_SIGN_STYLE = Automatic;
				DEVELOPMENT_TEAM = MR3R3WZ66Q;
				INFOPLIST_FILE = "workday-solution/Info.plist";
				LD_RUNPATH_SEARCH_PATHS = "$(inherited) @executable_path/Frameworks";
				PRODUCT_BUNDLE_IDENTIFIER = "com.AmateMint.workday-solution";
				PRODUCT_NAME = "$(TARGET_NAME)";
				SWIFT_VERSION = 4.0;
				TARGETED_DEVICE_FAMILY = "1,2";
			};
			name = Release;
		};
		A6FB54FC2077C03500195029 /* Debug */ = {
			isa = XCBuildConfiguration;
			baseConfigurationReference = 423A5340314B5C5DE4985249 /* Pods-workday-solutionTests.debug.xcconfig */;
			buildSettings = {
				ALWAYS_EMBED_SWIFT_STANDARD_LIBRARIES = "$(inherited)";
				BUNDLE_LOADER = "$(TEST_HOST)";
				CODE_SIGN_STYLE = Automatic;
				DEVELOPMENT_TEAM = MR3R3WZ66Q;
				INFOPLIST_FILE = "workday-solutionTests/Info.plist";
				LD_RUNPATH_SEARCH_PATHS = "$(inherited) @executable_path/Frameworks @loader_path/Frameworks";
				PRODUCT_BUNDLE_IDENTIFIER = "com.AmateMint.workday-solutionTests";
				PRODUCT_NAME = "$(TARGET_NAME)";
				SWIFT_VERSION = 4.0;
				TARGETED_DEVICE_FAMILY = "1,2";
				TEST_HOST = "$(BUILT_PRODUCTS_DIR)/workday-solution.app/workday-solution";
			};
			name = Debug;
		};
		A6FB54FD2077C03500195029 /* Release */ = {
			isa = XCBuildConfiguration;
			baseConfigurationReference = B649E0DB47C29901581FAB63 /* Pods-workday-solutionTests.release.xcconfig */;
			buildSettings = {
				ALWAYS_EMBED_SWIFT_STANDARD_LIBRARIES = "$(inherited)";
				BUNDLE_LOADER = "$(TEST_HOST)";
				CODE_SIGN_STYLE = Automatic;
				DEVELOPMENT_TEAM = MR3R3WZ66Q;
				INFOPLIST_FILE = "workday-solutionTests/Info.plist";
				LD_RUNPATH_SEARCH_PATHS = "$(inherited) @executable_path/Frameworks @loader_path/Frameworks";
				PRODUCT_BUNDLE_IDENTIFIER = "com.AmateMint.workday-solutionTests";
				PRODUCT_NAME = "$(TARGET_NAME)";
				SWIFT_VERSION = 4.0;
				TARGETED_DEVICE_FAMILY = "1,2";
				TEST_HOST = "$(BUILT_PRODUCTS_DIR)/workday-solution.app/workday-solution";
			};
			name = Release;
		};
		A6FB54FF2077C03500195029 /* Debug */ = {
			isa = XCBuildConfiguration;
			baseConfigurationReference = A2CD190A7110C4153DDC5D6B /* Pods-workday-solutionUITests.debug.xcconfig */;
			buildSettings = {
				ALWAYS_EMBED_SWIFT_STANDARD_LIBRARIES = "$(inherited)";
				CODE_SIGN_STYLE = Automatic;
				DEVELOPMENT_TEAM = MR3R3WZ66Q;
				INFOPLIST_FILE = "workday-solutionUITests/Info.plist";
				LD_RUNPATH_SEARCH_PATHS = "$(inherited) @executable_path/Frameworks @loader_path/Frameworks";
				PRODUCT_BUNDLE_IDENTIFIER = "com.AmateMint.workday-solutionUITests";
				PRODUCT_NAME = "$(TARGET_NAME)";
				SWIFT_VERSION = 4.0;
				TARGETED_DEVICE_FAMILY = "1,2";
				TEST_TARGET_NAME = "workday-solution";
			};
			name = Debug;
		};
		A6FB55002077C03500195029 /* Release */ = {
			isa = XCBuildConfiguration;
			baseConfigurationReference = 431E545A1D4E5278E36D7B4A /* Pods-workday-solutionUITests.release.xcconfig */;
			buildSettings = {
				ALWAYS_EMBED_SWIFT_STANDARD_LIBRARIES = "$(inherited)";
				CODE_SIGN_STYLE = Automatic;
				DEVELOPMENT_TEAM = MR3R3WZ66Q;
				INFOPLIST_FILE = "workday-solutionUITests/Info.plist";
				LD_RUNPATH_SEARCH_PATHS = "$(inherited) @executable_path/Frameworks @loader_path/Frameworks";
				PRODUCT_BUNDLE_IDENTIFIER = "com.AmateMint.workday-solutionUITests";
				PRODUCT_NAME = "$(TARGET_NAME)";
				SWIFT_VERSION = 4.0;
				TARGETED_DEVICE_FAMILY = "1,2";
				TEST_TARGET_NAME = "workday-solution";
			};
			name = Release;
		};
/* End XCBuildConfiguration section */

/* Begin XCConfigurationList section */
		A6FB54CB2077C03500195029 /* Build configuration list for PBXProject "workday-solution" */ = {
			isa = XCConfigurationList;
			buildConfigurations = (
				A6FB54F62077C03500195029 /* Debug */,
				A6FB54F72077C03500195029 /* Release */,
			);
			defaultConfigurationIsVisible = 0;
			defaultConfigurationName = Release;
		};
		A6FB54F82077C03500195029 /* Build configuration list for PBXNativeTarget "workday-solution" */ = {
			isa = XCConfigurationList;
			buildConfigurations = (
				A6FB54F92077C03500195029 /* Debug */,
				A6FB54FA2077C03500195029 /* Release */,
			);
			defaultConfigurationIsVisible = 0;
			defaultConfigurationName = Release;
		};
		A6FB54FB2077C03500195029 /* Build configuration list for PBXNativeTarget "workday-solutionTests" */ = {
			isa = XCConfigurationList;
			buildConfigurations = (
				A6FB54FC2077C03500195029 /* Debug */,
				A6FB54FD2077C03500195029 /* Release */,
			);
			defaultConfigurationIsVisible = 0;
			defaultConfigurationName = Release;
		};
		A6FB54FE2077C03500195029 /* Build configuration list for PBXNativeTarget "workday-solutionUITests" */ = {
			isa = XCConfigurationList;
			buildConfigurations = (
				A6FB54FF2077C03500195029 /* Debug */,
				A6FB55002077C03500195029 /* Release */,
			);
			defaultConfigurationIsVisible = 0;
			defaultConfigurationName = Release;
		};
/* End XCConfigurationList section */
	};
	rootObject = A6FB54C82077C03500195029 /* Project object */;
}
